
Microsoft Visual Studio Solution File, Format Version 10.00
# Visual Studio 2008
Project("{FAE04EC0-301F-11D3-BF4B-00C04F79EFBC}") = "StyleCop", "src\StyleCop\StyleCop.csproj", "{2DB44B38-2C53-4134-8D27-1E0012D59B62}"
EndProject
Global
	GlobalSection(SolutionConfigurationPlatforms) = preSolution
		Debug|Any CPU = Debug|Any CPU
		Release|Any CPU = Release|Any CPU
	EndGlobalSection
	GlobalSection(ProjectConfigurationPlatforms) = postSolution
		{2DB44B38-2C53-4134-8D27-1E0012D59B62}.Debug|Any CPU.ActiveCfg = Debug|Any CPU
		{2DB44B38-2C53-4134-8D27-1E0012D59B62}.Debug|Any CPU.Build.0 = Debug|Any CPU
		{2DB44B38-2C53-4134-8D27-1E0012D59B62}.Release|Any CPU.ActiveCfg = Release|Any CPU
		{2DB44B38-2C53-4134-8D27-1E0012D59B62}.Release|Any CPU.Build.0 = Release|Any CPU
	EndGlobalSection
	GlobalSection(SolutionProperties) = preSolution
		HideSolutionNode = FALSE
	EndGlobalSection
EndGlobal
